// !$*UTF8*$!
{
	archiveVersion = 1;
	classes = {
	};
	objectVersion = 46;
	objects = {

/* Begin PBXBuildFile section */
		5A632F6914744BF7002E01D9 /* UIKit.framework in Frameworks */ = {isa = PBXBuildFile; fileRef = 5A632F6814744BF7002E01D9 /* UIKit.framework */; };
		5A632F6B14744BF7002E01D9 /* Foundation.framework in Frameworks */ = {isa = PBXBuildFile; fileRef = 5A632F6A14744BF7002E01D9 /* Foundation.framework */; };
		5A632F6D14744BF7002E01D9 /* CoreGraphics.framework in Frameworks */ = {isa = PBXBuildFile; fileRef = 5A632F6C14744BF7002E01D9 /* CoreGraphics.framework */; };
		5A632F7314744BF7002E01D9 /* InfoPlist.strings in Resources */ = {isa = PBXBuildFile; fileRef = 5A632F7114744BF7002E01D9 /* InfoPlist.strings */; };
		5A632F7514744BF7002E01D9 /* main.m in Sources */ = {isa = PBXBuildFile; fileRef = 5A632F7414744BF7002E01D9 /* main.m */; };
		5A632F7914744BF7002E01D9 /* AppDelegate.m in Sources */ = {isa = PBXBuildFile; fileRef = 5A632F7814744BF7002E01D9 /* AppDelegate.m */; };
		5A632F8114744C28002E01D9 /* DTMagicHeadsTableViewController.m in Sources */ = {isa = PBXBuildFile; fileRef = 5A632F8014744C28002E01D9 /* DTMagicHeadsTableViewController.m */; };
		5A632F881474596F002E01D9 /* DemoTVController.m in Sources */ = {isa = PBXBuildFile; fileRef = 5A632F871474596F002E01D9 /* DemoTVController.m */; };
/* End PBXBuildFile section */

/* Begin PBXFileReference section */
		5A632F6414744BF7002E01D9 /* DTMagicHeadsTableViewController.app */ = {isa = PBXFileReference; explicitFileType = wrapper.application; includeInIndex = 0; path = DTMagicHeadsTableViewController.app; sourceTree = BUILT_PRODUCTS_DIR; };
		5A632F6814744BF7002E01D9 /* UIKit.framework */ = {isa = PBXFileReference; lastKnownFileType = wrapper.framework; name = UIKit.framework; path = System/Library/Frameworks/UIKit.framework; sourceTree = SDKROOT; };
		5A632F6A14744BF7002E01D9 /* Foundation.framework */ = {isa = PBXFileReference; lastKnownFileType = wrapper.framework; name = Foundation.framework; path = System/Library/Frameworks/Foundation.framework; sourceTree = SDKROOT; };
		5A632F6C14744BF7002E01D9 /* CoreGraphics.framework */ = {isa = PBXFileReference; lastKnownFileType = wrapper.framework; name = CoreGraphics.framework; path = System/Library/Frameworks/CoreGraphics.framework; sourceTree = SDKROOT; };
		5A632F7014744BF7002E01D9 /* DTMagicHeadsTableViewController-Info.plist */ = {isa = PBXFileReference; lastKnownFileType = text.plist.xml; path = "DTMagicHeadsTableViewController-Info.plist"; sourceTree = "<group>"; };
		5A632F7214744BF7002E01D9 /* en */ = {isa = PBXFileReference; lastKnownFileType = text.plist.strings; name = en; path = en.lproj/InfoPlist.strings; sourceTree = "<group>"; };
		5A632F7414744BF7002E01D9 /* main.m */ = {isa = PBXFileReference; lastKnownFileType = sourcecode.c.objc; path = main.m; sourceTree = "<group>"; };
		5A632F7614744BF7002E01D9 /* DTMagicHeadsTableViewController-Prefix.pch */ = {isa = PBXFileReference; lastKnownFileType = sourcecode.c.h; path = "DTMagicHeadsTableViewController-Prefix.pch"; sourceTree = "<group>"; };
		5A632F7714744BF7002E01D9 /* AppDelegate.h */ = {isa = PBXFileReference; lastKnownFileType = sourcecode.c.h; path = AppDelegate.h; sourceTree = "<group>"; };
		5A632F7814744BF7002E01D9 /* AppDelegate.m */ = {isa = PBXFileReference; lastKnownFileType = sourcecode.c.objc; path = AppDelegate.m; sourceTree = "<group>"; };
		5A632F7F14744C28002E01D9 /* DTMagicHeadsTableViewController.h */ = {isa = PBXFileReference; fileEncoding = 4; lastKnownFileType = sourcecode.c.h; path = DTMagicHeadsTableViewController.h; sourceTree = "<group>"; };
		5A632F8014744C28002E01D9 /* DTMagicHeadsTableViewController.m */ = {isa = PBXFileReference; fileEncoding = 4; lastKnownFileType = sourcecode.c.objc; path = DTMagicHeadsTableViewController.m; sourceTree = "<group>"; };
		5A632F861474596F002E01D9 /* DemoTVController.h */ = {isa = PBXFileReference; fileEncoding = 4; lastKnownFileType = sourcecode.c.h; path = DemoTVController.h; sourceTree = "<group>"; };
		5A632F871474596F002E01D9 /* DemoTVController.m */ = {isa = PBXFileReference; fileEncoding = 4; lastKnownFileType = sourcecode.c.objc; path = DemoTVController.m; sourceTree = "<group>"; };
/* End PBXFileReference section */

/* Begin PBXFrameworksBuildPhase section */
		5A632F6114744BF7002E01D9 /* Frameworks */ = {
			isa = PBXFrameworksBuildPhase;
			buildActionMask = 2147483647;
			files = (
				5A632F6914744BF7002E01D9 /* UIKit.framework in Frameworks */,
				5A632F6B14744BF7002E01D9 /* Foundation.framework in Frameworks */,
				5A632F6D14744BF7002E01D9 /* CoreGraphics.framework in Frameworks */,
			);
			runOnlyForDeploymentPostprocessing = 0;
		};
/* End PBXFrameworksBuildPhase section */

/* Begin PBXGroup section */
		5A632F5914744BF4002E01D9 = {
			isa = PBXGroup;
			children = (
				5A632F6E14744BF7002E01D9 /* DTMagicHeadsTableViewController */,
				5A632F6714744BF7002E01D9 /* Frameworks */,
				5A632F6514744BF7002E01D9 /* Products */,
			);
			sourceTree = "<group>";
		};
		5A632F6514744BF7002E01D9 /* Products */ = {
			isa = PBXGroup;
			children = (
				5A632F6414744BF7002E01D9 /* DTMagicHeadsTableViewController.app */,
			);
			name = Products;
			sourceTree = "<group>";
		};
		5A632F6714744BF7002E01D9 /* Frameworks */ = {
			isa = PBXGroup;
			children = (
				5A632F6814744BF7002E01D9 /* UIKit.framework */,
				5A632F6A14744BF7002E01D9 /* Foundation.framework */,
				5A632F6C14744BF7002E01D9 /* CoreGraphics.framework */,
			);
			name = Frameworks;
			sourceTree = "<group>";
		};
		5A632F6E14744BF7002E01D9 /* DTMagicHeadsTableViewController */ = {
			isa = PBXGroup;
			children = (
				5A632F7714744BF7002E01D9 /* AppDelegate.h */,
				5A632F7814744BF7002E01D9 /* AppDelegate.m */,
				5A632F7F14744C28002E01D9 /* DTMagicHeadsTableViewController.h */,
				5A632F8014744C28002E01D9 /* DTMagicHeadsTableViewController.m */,
				5A632F861474596F002E01D9 /* DemoTVController.h */,
				5A632F871474596F002E01D9 /* DemoTVController.m */,
				5A632F6F14744BF7002E01D9 /* Supporting Files */,
			);
			path = DTMagicHeadsTableViewController;
			sourceTree = "<group>";
		};
		5A632F6F14744BF7002E01D9 /* Supporting Files */ = {
			isa = PBXGroup;
			children = (
				5A632F7014744BF7002E01D9 /* DTMagicHeadsTableViewController-Info.plist */,
				5A632F7114744BF7002E01D9 /* InfoPlist.strings */,
				5A632F7414744BF7002E01D9 /* main.m */,
				5A632F7614744BF7002E01D9 /* DTMagicHeadsTableViewController-Prefix.pch */,
			);
			name = "Supporting Files";
			sourceTree = "<group>";
		};
/* End PBXGroup section */

/* Begin PBXNativeTarget section */
		5A632F6314744BF7002E01D9 /* DTMagicHeadsTableViewController */ = {
			isa = PBXNativeTarget;
			buildConfigurationList = 5A632F7C14744BF7002E01D9 /* Build configuration list for PBXNativeTarget "DTMagicHeadsTableViewController" */;
			buildPhases = (
				5A632F6014744BF7002E01D9 /* Sources */,
				5A632F6114744BF7002E01D9 /* Frameworks */,
				5A632F6214744BF7002E01D9 /* Resources */,
			);
			buildRules = (
			);
			dependencies = (
			);
			name = DTMagicHeadsTableViewController;
			productName = DTMagicHeadsTableViewController;
			productReference = 5A632F6414744BF7002E01D9 /* DTMagicHeadsTableViewController.app */;
			productType = "com.apple.product-type.application";
		};
/* End PBXNativeTarget section */

/* Begin PBXProject section */
		5A632F5B14744BF4002E01D9 /* Project object */ = {
			isa = PBXProject;
			attributes = {
				LastUpgradeCheck = 0420;
			};
			buildConfigurationList = 5A632F5E14744BF4002E01D9 /* Build configuration list for PBXProject "DTMagicHeadsTableViewController" */;
			compatibilityVersion = "Xcode 3.2";
			developmentRegion = English;
			hasScannedForEncodings = 0;
			knownRegions = (
				en,
			);
			mainGroup = 5A632F5914744BF4002E01D9;
			productRefGroup = 5A632F6514744BF7002E01D9 /* Products */;
			projectDirPath = "";
			projectRoot = "";
			targets = (
				5A632F6314744BF7002E01D9 /* DTMagicHeadsTableViewController */,
			);
		};
/* End PBXProject section */

/* Begin PBXResourcesBuildPhase section */
		5A632F6214744BF7002E01D9 /* Resources */ = {
			isa = PBXResourcesBuildPhase;
			buildActionMask = 2147483647;
			files = (
				5A632F7314744BF7002E01D9 /* InfoPlist.strings in Resources */,
			);
			runOnlyForDeploymentPostprocessing = 0;
		};
/* End PBXResourcesBuildPhase section */

/* Begin PBXSourcesBuildPhase section */
		5A632F6014744BF7002E01D9 /* Sources */ = {
			isa = PBXSourcesBuildPhase;
			buildActionMask = 2147483647;
			files = (
				5A632F7514744BF7002E01D9 /* main.m in Sources */,
				5A632F7914744BF7002E01D9 /* AppDelegate.m in Sources */,
				5A632F8114744C28002E01D9 /* DTMagicHeadsTableViewController.m in Sources */,
				5A632F881474596F002E01D9 /* DemoTVController.m in Sources */,
			);
			runOnlyForDeploymentPostprocessing = 0;
		};
/* End PBXSourcesBuildPhase section */

/* Begin PBXVariantGroup section */
		5A632F7114744BF7002E01D9 /* InfoPlist.strings */ = {
			isa = PBXVariantGroup;
			children = (
				5A632F7214744BF7002E01D9 /* en */,
			);
			name = InfoPlist.strings;
			sourceTree = "<group>";
		};
/* End PBXVariantGroup section */

/* Begin XCBuildConfiguration section */
		5A632F7A14744BF7002E01D9 /* Debug */ = {
			isa = XCBuildConfiguration;
			buildSettings = {
				ALWAYS_SEARCH_USER_PATHS = NO;
				ARCHS = "$(ARCHS_STANDARD_32_BIT)";
				"CODE_SIGN_IDENTITY[sdk=iphoneos*]" = "iPhone Developer";
				COPY_PHASE_STRIP = NO;
				GCC_C_LANGUAGE_STANDARD = gnu99;
				GCC_DYNAMIC_NO_PIC = NO;
				GCC_OPTIMIZATION_LEVEL = 0;
				GCC_PREPROCESSOR_DEFINITIONS = (
					"DEBUG=1",
					"$(inherited)",
				);
				GCC_SYMBOLS_PRIVATE_EXTERN = NO;
				GCC_VERSION = com.apple.compilers.llvm.clang.1_0;
				GCC_WARN_ABOUT_MISSING_PROTOTYPES = YES;
				GCC_WARN_ABOUT_RETURN_TYPE = YES;
				GCC_WARN_UNUSED_VARIABLE = YES;
				IPHONEOS_DEPLOYMENT_TARGET = 5.0;
				SDKROOT = iphoneos;
			};
			name = Debug;
		};
		5A632F7B14744BF7002E01D9 /* Release */ = {
			isa = XCBuildConfiguration;
			buildSettings = {
				ALWAYS_SEARCH_USER_PATHS = NO;
				ARCHS = "$(ARCHS_STANDARD_32_BIT)";
				"CODE_SIGN_IDENTITY[sdk=iphoneos*]" = "iPhone Developer";
				COPY_PHASE_STRIP = YES;
				GCC_C_LANGUAGE_STANDARD = gnu99;
				GCC_VERSION = com.apple.compilers.llvm.clang.1_0;
				GCC_WARN_ABOUT_MISSING_PROTOTYPES = YES;
				GCC_WARN_ABOUT_RETURN_TYPE = YES;
				GCC_WARN_UNUSED_VARIABLE = YES;
				IPHONEOS_DEPLOYMENT_TARGET = 5.0;
				OTHER_CFLAGS = "-DNS_BLOCK_ASSERTIONS=1";
				SDKROOT = iphoneos;
				VALIDATE_PRODUCT = YES;
			};
			name = Release;
		};
		5A632F7D14744BF7002E01D9 /* Debug */ = {
			isa = XCBuildConfiguration;
			buildSettings = {
				GCC_PRECOMPILE_PREFIX_HEADER = YES;
				GCC_PREFIX_HEADER = "DTMagicHeadsTableViewController/DTMagicHeadsTableViewController-Prefix.pch";
				INFOPLIST_FILE = "DTMagicHeadsTableViewController/DTMagicHeadsTableViewController-Info.plist";
				PRODUCT_NAME = "$(TARGET_NAME)";
				WRAPPER_EXTENSION = app;
			};
			name = Debug;
		};
		5A632F7E14744BF7002E01D9 /* Release */ = {
			isa = XCBuildConfiguration;
			buildSettings = {
				GCC_PRECOMPILE_PREFIX_HEADER = YES;
				GCC_PREFIX_HEADER = "DTMagicHeadsTableViewController/DTMagicHeadsTableViewController-Prefix.pch";
				INFOPLIST_FILE = "DTMagicHeadsTableViewController/DTMagicHeadsTableViewController-Info.plist";
				PRODUCT_NAME = "$(TARGET_NAME)";
				WRAPPER_EXTENSION = app;
			};
			name = Release;
		};
/* End XCBuildConfiguration section */

/* Begin XCConfigurationList section */
		5A632F5E14744BF4002E01D9 /* Build configuration list for PBXProject "DTMagicHeadsTableViewController" */ = {
			isa = XCConfigurationList;
			buildConfigurations = (
				5A632F7A14744BF7002E01D9 /* Debug */,
				5A632F7B14744BF7002E01D9 /* Release */,
			);
			defaultConfigurationIsVisible = 0;
			defaultConfigurationName = Release;
		};
		5A632F7C14744BF7002E01D9 /* Build configuration list for PBXNativeTarget "DTMagicHeadsTableViewController" */ = {
			isa = XCConfigurationList;
			buildConfigurations = (
				5A632F7D14744BF7002E01D9 /* Debug */,
				5A632F7E14744BF7002E01D9 /* Release */,
			);
			defaultConfigurationIsVisible = 0;
		};
/* End XCConfigurationList section */
	};
	rootObject = 5A632F5B14744BF4002E01D9 /* Project object */;
}
